lockfileVersion: '9.0'

settings:
  autoInstallPeers: true
  excludeLinksFromLockfile: false

importers:

  .:
    dependencies:
      chalk:
        specifier: ^5.3.0
        version: 5.3.0
      cli-table3:
        specifier: ^0.6.5
        version: 0.6.5
      commander:
        specifier: ^12.1.0
        version: 12.1.0
      node-emoji:
        specifier: ^2.1.3
        version: 2.1.3
      tslib:
        specifier: ^2.6.3
        version: 2.6.3
      typescript:
        specifier: ^5.4.5
        version: 5.4.5
    devDependencies:
      '@rollup/plugin-typescript':
        specifier: ^11.1.6
        version: 11.1.6(rollup@4.18.0)(tslib@2.6.3)(typescript@5.4.5)
      '@types/commander':
        specifier: ^2.12.2
        version: 2.12.2
      '@types/node':
        specifier: ^20.14.2
        version: 20.14.2
      '@types/node-emoji':
        specifier: ^2.1.0
        version: 2.1.0
      prettier:
        specifier: ^3.3.2
        version: 3.3.2
      rollup:
        specifier: ^4.18.0
        version: 4.18.0
      ts-node:
        specifier: ^10.9.2
        version: 10.9.2(@types/node@20.14.2)(typescript@5.4.5)

packages:

  '@colors/colors@1.5.0':
    resolution: {integrity: sha512-ooWCrlZP11i8GImSjTHYHLkvFDP48nS4+204nGb1RiX/WXYHmJA2III9/e2DWVabCESdW7hBAEzHRqUn9OUVvQ==}
    engines: {node: '>=0.1.90'}

  '@cspotcode/source-map-support@0.8.1':
    resolution: {integrity: sha512-IchNf6dN4tHoMFIn/7OE8LWZ19Y6q/67Bmf6vnGREv8RSbBVb9LPJxEcnwrcwX6ixSvaiGoomAUvu4YSxXrVgw==}
    engines: {node: '>=12'}

  '@jridgewell/resolve-uri@3.1.2':
    resolution: {integrity: sha512-bRISgCIjP20/tbWSPWMEi54QVPRZExkuD9lJL+UIxUKtwVJA8wW1Trb1jMs1RFXo1CBTNZ/5hpC9QvmKWdopKw==}
    engines: {node: '>=6.0.0'}

  '@jridgewell/sourcemap-codec@1.4.15':
    resolution: {integrity: sha512-eF2rxCRulEKXHTRiDrDy6erMYWqNw4LPdQ8UQA4huuxaQsVeRPFl2oM8oDGxMFhJUWZf9McpLtJasDDZb/Bpeg==}

  '@jridgewell/trace-mapping@0.3.9':
    resolution: {integrity: sha512-3Belt6tdc8bPgAtbcmdtNJlirVoTmEb5e2gC94PnkwEW9jI6CAHUeoG85tjWP5WquqfavoMtMwiG4P926ZKKuQ==}

  '@rollup/plugin-typescript@11.1.6':
    resolution: {integrity: sha512-R92yOmIACgYdJ7dJ97p4K69I8gg6IEHt8M7dUBxN3W6nrO8uUxX5ixl0yU/N3aZTi8WhPuICvOHXQvF6FaykAA==}
    engines: {node: '>=14.0.0'}
    peerDependencies:
      rollup: ^2.14.0||^3.0.0||^4.0.0
      tslib: '*'
      typescript: '>=3.7.0'
    peerDependenciesMeta:
      rollup:
        optional: true
      tslib:
        optional: true

  '@rollup/pluginutils@5.1.0':
    resolution: {integrity: sha512-XTIWOPPcpvyKI6L1NHo0lFlCyznUEyPmPY1mc3KpPVDYulHSTvyeLNVW00QTLIAFNhR3kYnJTQHeGqU4M3n09g==}
    engines: {node: '>=14.0.0'}
    peerDependencies:
      rollup: ^1.20.0||^2.0.0||^3.0.0||^4.0.0
    peerDependenciesMeta:
      rollup:
        optional: true

  '@rollup/rollup-android-arm-eabi@4.18.0':
    resolution: {integrity: sha512-Tya6xypR10giZV1XzxmH5wr25VcZSncG0pZIjfePT0OVBvqNEurzValetGNarVrGiq66EBVAFn15iYX4w6FKgQ==}
    cpu: [arm]
    os: [android]

  '@rollup/rollup-android-arm64@4.18.0':
    resolution: {integrity: sha512-avCea0RAP03lTsDhEyfy+hpfr85KfyTctMADqHVhLAF3MlIkq83CP8UfAHUssgXTYd+6er6PaAhx/QGv4L1EiA==}
    cpu: [arm64]
    os: [android]

  '@rollup/rollup-darwin-arm64@4.18.0':
    resolution: {integrity: sha512-IWfdwU7KDSm07Ty0PuA/W2JYoZ4iTj3TUQjkVsO/6U+4I1jN5lcR71ZEvRh52sDOERdnNhhHU57UITXz5jC1/w==}
    cpu: [arm64]
    os: [darwin]

  '@rollup/rollup-darwin-x64@4.18.0':
    resolution: {integrity: sha512-n2LMsUz7Ynu7DoQrSQkBf8iNrjOGyPLrdSg802vk6XT3FtsgX6JbE8IHRvposskFm9SNxzkLYGSq9QdpLYpRNA==}
    cpu: [x64]
    os: [darwin]

  '@rollup/rollup-linux-arm-gnueabihf@4.18.0':
    resolution: {integrity: sha512-C/zbRYRXFjWvz9Z4haRxcTdnkPt1BtCkz+7RtBSuNmKzMzp3ZxdM28Mpccn6pt28/UWUCTXa+b0Mx1k3g6NOMA==}
    cpu: [arm]
    os: [linux]
    libc: [glibc]

  '@rollup/rollup-linux-arm-musleabihf@4.18.0':
    resolution: {integrity: sha512-l3m9ewPgjQSXrUMHg93vt0hYCGnrMOcUpTz6FLtbwljo2HluS4zTXFy2571YQbisTnfTKPZ01u/ukJdQTLGh9A==}
    cpu: [arm]
    os: [linux]
    libc: [musl]

  '@rollup/rollup-linux-arm64-gnu@4.18.0':
    resolution: {integrity: sha512-rJ5D47d8WD7J+7STKdCUAgmQk49xuFrRi9pZkWoRD1UeSMakbcepWXPF8ycChBoAqs1pb2wzvbY6Q33WmN2ftw==}
    cpu: [arm64]
    os: [linux]
    libc: [glibc]

  '@rollup/rollup-linux-arm64-musl@4.18.0':
    resolution: {integrity: sha512-be6Yx37b24ZwxQ+wOQXXLZqpq4jTckJhtGlWGZs68TgdKXJgw54lUUoFYrg6Zs/kjzAQwEwYbp8JxZVzZLRepQ==}
    cpu: [arm64]
    os: [linux]
    libc: [musl]

  '@rollup/rollup-linux-powerpc64le-gnu@4.18.0':
    resolution: {integrity: sha512-hNVMQK+qrA9Todu9+wqrXOHxFiD5YmdEi3paj6vP02Kx1hjd2LLYR2eaN7DsEshg09+9uzWi2W18MJDlG0cxJA==}
    cpu: [ppc64]
    os: [linux]
    libc: [glibc]

  '@rollup/rollup-linux-riscv64-gnu@4.18.0':
    resolution: {integrity: sha512-ROCM7i+m1NfdrsmvwSzoxp9HFtmKGHEqu5NNDiZWQtXLA8S5HBCkVvKAxJ8U+CVctHwV2Gb5VUaK7UAkzhDjlg==}
    cpu: [riscv64]
    os: [linux]
    libc: [glibc]

  '@rollup/rollup-linux-s390x-gnu@4.18.0':
    resolution: {integrity: sha512-0UyyRHyDN42QL+NbqevXIIUnKA47A+45WyasO+y2bGJ1mhQrfrtXUpTxCOrfxCR4esV3/RLYyucGVPiUsO8xjg==}
    cpu: [s390x]
    os: [linux]
    libc: [glibc]

  '@rollup/rollup-linux-x64-gnu@4.18.0':
    resolution: {integrity: sha512-xuglR2rBVHA5UsI8h8UbX4VJ470PtGCf5Vpswh7p2ukaqBGFTnsfzxUBetoWBWymHMxbIG0Cmx7Y9qDZzr648w==}
    cpu: [x64]
    os: [linux]
    libc: [glibc]

  '@rollup/rollup-linux-x64-musl@4.18.0':
    resolution: {integrity: sha512-LKaqQL9osY/ir2geuLVvRRs+utWUNilzdE90TpyoX0eNqPzWjRm14oMEE+YLve4k/NAqCdPkGYDaDF5Sw+xBfg==}
    cpu: [x64]
    os: [linux]
    libc: [musl]

  '@rollup/rollup-win32-arm64-msvc@4.18.0':
    resolution: {integrity: sha512-7J6TkZQFGo9qBKH0pk2cEVSRhJbL6MtfWxth7Y5YmZs57Pi+4x6c2dStAUvaQkHQLnEQv1jzBUW43GvZW8OFqA==}
    cpu: [arm64]
    os: [win32]

  '@rollup/rollup-win32-ia32-msvc@4.18.0':
    resolution: {integrity: sha512-Txjh+IxBPbkUB9+SXZMpv+b/vnTEtFyfWZgJ6iyCmt2tdx0OF5WhFowLmnh8ENGNpfUlUZkdI//4IEmhwPieNg==}
    cpu: [ia32]
    os: [win32]

  '@rollup/rollup-win32-x64-msvc@4.18.0':
    resolution: {integrity: sha512-UOo5FdvOL0+eIVTgS4tIdbW+TtnBLWg1YBCcU2KWM7nuNwRz9bksDX1bekJJCpu25N1DVWaCwnT39dVQxzqS8g==}
    cpu: [x64]
    os: [win32]

  '@sindresorhus/is@4.6.0':
    resolution: {integrity: sha512-t09vSN3MdfsyCHoFcTRCH/iUtG7OJ0CsjzB8cjAmKc/va/kIgeDI/TxsigdncE/4be734m0cvIYwNaV4i2XqAw==}
    engines: {node: '>=10'}

  '@tsconfig/node10@1.0.11':
    resolution: {integrity: sha512-DcRjDCujK/kCk/cUe8Xz8ZSpm8mS3mNNpta+jGCA6USEDfktlNvm1+IuZ9eTcDbNk41BHwpHHeW+N1lKCz4zOw==}

  '@tsconfig/node12@1.0.11':
    resolution: {integrity: sha512-cqefuRsh12pWyGsIoBKJA9luFu3mRxCA+ORZvA4ktLSzIuCUtWVxGIuXigEwO5/ywWFMZ2QEGKWvkZG1zDMTag==}

  '@tsconfig/node14@1.0.3':
    resolution: {integrity: sha512-ysT8mhdixWK6Hw3i1V2AeRqZ5WfXg1G43mqoYlM2nc6388Fq5jcXyr5mRsqViLx/GJYdoL0bfXD8nmF+Zn/Iow==}

  '@tsconfig/node16@1.0.4':
    resolution: {integrity: sha512-vxhUy4J8lyeyinH7Azl1pdd43GJhZH/tP2weN8TntQblOY+A0XbT8DJk1/oCPuOOyg/Ja757rG0CgHcWC8OfMA==}

  '@types/commander@2.12.2':
    resolution: {integrity: sha512-0QEFiR8ljcHp9bAbWxecjVRuAMr16ivPiGOw6KFQBVrVd0RQIcM3xKdRisH2EDWgVWujiYtHwhSkSUoAAGzH7Q==}
    deprecated: This is a stub types definition for commander (https://github.com/tj/commander.js). commander provides its own type definitions, so you don't need @types/commander installed!

  '@types/estree@1.0.5':
    resolution: {integrity: sha512-/kYRxGDLWzHOB7q+wtSUQlFrtcdUccpfy+X+9iMBpHK8QLLhx2wIPYuS5DYtR9Wa/YlZAbIovy7qVdB1Aq6Lyw==}

  '@types/node-emoji@2.1.0':
    resolution: {integrity: sha512-LBGWP2LL5A+PpcvzrgXCFcHt9N1l5bqQn05ZUQFFM625k/tmc2w9ghT4kUwQN6gIPlX6qnDOfekmJmV9BywV9g==}
    deprecated: This is a stub types definition. node-emoji provides its own type definitions, so you do not need this installed.

  '@types/node@20.14.2':
    resolution: {integrity: sha512-xyu6WAMVwv6AKFLB+e/7ySZVr/0zLCzOa7rSpq6jNwpqOrUbcACDWC+53d4n2QHOnDou0fbIsg8wZu/sxrnI4Q==}

  acorn-walk@8.3.2:
    resolution: {integrity: sha512-cjkyv4OtNCIeqhHrfS81QWXoCBPExR/J62oyEqepVw8WaQeSqpW2uhuLPh1m9eWhDuOo/jUXVTlifvesOWp/4A==}
    engines: {node: '>=0.4.0'}

  acorn@8.11.3:
    resolution: {integrity: sha512-Y9rRfJG5jcKOE0CLisYbojUjIrIEE7AGMzA/Sm4BslANhbS+cDMpgBdcPT91oJ7OuJ9hYJBx59RjbhxVnrF8Xg==}
    engines: {node: '>=0.4.0'}
    hasBin: true

  ansi-regex@5.0.1:
    resolution: {integrity: sha512-quJQXlTSUGL2LH9SUXo8VwsY4soanhgo6LNSm84E1LBcE8s3O0wpdiRzyR9z/ZZJMlMWv37qOOb9pdJlMUEKFQ==}
    engines: {node: '>=8'}

  arg@4.1.3:
    resolution: {integrity: sha512-58S9QDqG0Xx27YwPSt9fJxivjYl432YCwfDMfZ+71RAqUrZef7LrKQZ3LHLOwCS4FLNBplP533Zx895SeOCHvA==}

  chalk@5.3.0:
    resolution: {integrity: sha512-dLitG79d+GV1Nb/VYcCDFivJeK1hiukt9QjRNVOsUtTy1rR1YJsmpGGTZ3qJos+uw7WmWF4wUwBd9jxjocFC2w==}
    engines: {node: ^12.17.0 || ^14.13 || >=16.0.0}

  char-regex@1.0.2:
    resolution: {integrity: sha512-kWWXztvZ5SBQV+eRgKFeh8q5sLuZY2+8WUIzlxWVTg+oGwY14qylx1KbKzHd8P6ZYkAg0xyIDU9JMHhyJMZ1jw==}
    engines: {node: '>=10'}

  cli-table3@0.6.5:
    resolution: {integrity: sha512-+W/5efTR7y5HRD7gACw9yQjqMVvEMLBHmboM/kPWam+H+Hmyrgjh6YncVKK122YZkXrLudzTuAukUw9FnMf7IQ==}
    engines: {node: 10.* || >= 12.*}

  commander@12.1.0:
    resolution: {integrity: sha512-Vw8qHK3bZM9y/P10u3Vib8o/DdkvA2OtPtZvD871QKjy74Wj1WSKFILMPRPSdUSx5RFK1arlJzEtA4PkFgnbuA==}
    engines: {node: '>=18'}

  create-require@1.1.1:
    resolution: {integrity: sha512-dcKFX3jn0MpIaXjisoRvexIJVEKzaq7z2rZKxf+MSr9TkdmHmsU4m2lcLojrj/FHl8mk5VxMmYA+ftRkP/3oKQ==}

  diff@4.0.2:
    resolution: {integrity: sha512-58lmxKSA4BNyLz+HHMUzlOEpg09FV+ev6ZMe3vJihgdxzgcwZ8VoEEPmALCZG9LmqfVoNMMKpttIYTVG6uDY7A==}
    engines: {node: '>=0.3.1'}

  emoji-regex@8.0.0:
    resolution: {integrity: sha512-MSjYzcWNOA0ewAHpz0MxpYFvwg6yjy1NG3xteoqz644VCo/RPgnr1/GGt+ic3iJTzQ8Eu3TdM14SawnVUmGE6A==}

  emojilib@2.4.0:
    resolution: {integrity: sha512-5U0rVMU5Y2n2+ykNLQqMoqklN9ICBT/KsvC1Gz6vqHbz2AXXGkG+Pm5rMWk/8Vjrr/mY9985Hi8DYzn1F09Nyw==}

  estree-walker@2.0.2:
    resolution: {integrity: sha512-Rfkk/Mp/DL7JVje3u18FxFujQlTNR2q6QfMSMB7AvCBx91NGj/ba3kCfza0f6dVDbw7YlRf/nDrn7pQrCCyQ/w==}

  fsevents@2.3.3:
    resolution: {integrity: sha512-5xoDfX+fL7faATnagmWPpbFtwh/R77WmMMqqHGS65C3vvB0YHrgF+B1YmZ3441tMj5n63k0212XNoJwzlhffQw==}
    engines: {node: ^8.16.0 || ^10.6.0 || >=11.0.0}
    os: [darwin]

  function-bind@1.1.2:
    resolution: {integrity: sha512-7XHNxH7qX9xG5mIwxkhumTox/MIRNcOgDrxWsMt2pAr23WHp6MrRlN7FBSFpCpr+oVO0F744iUgR82nJMfG2SA==}

  hasown@2.0.2:
    resolution: {integrity: sha512-0hJU9SCPvmMzIBdZFqNPXWa6dqh7WdH0cII9y+CyS8rG3nL48Bclra9HmKhVVUHyPWNH5Y7xDwAB7bfgSjkUMQ==}
    engines: {node: '>= 0.4'}

  is-core-module@2.13.1:
    resolution: {integrity: sha512-hHrIjvZsftOsvKSn2TRYl63zvxsgE0K+0mYMoH6gD4omR5IWB2KynivBQczo3+wF1cCkjzvptnI9Q0sPU66ilw==}

  is-fullwidth-code-point@3.0.0:
    resolution: {integrity: sha512-zymm5+u+sCsSWyD9qNaejV3DFvhCKclKdizYaJUuHA83RLjb7nSuGnddCHGv0hk+KY7BMAlsWeK4Ueg6EV6XQg==}
    engines: {node: '>=8'}

  make-error@1.3.6:
    resolution: {integrity: sha512-s8UhlNe7vPKomQhC1qFelMokr/Sc3AgNbso3n74mVPA5LTZwkB9NlXf4XPamLxJE8h0gh73rM94xvwRT2CVInw==}

  node-emoji@2.1.3:
    resolution: {integrity: sha512-E2WEOVsgs7O16zsURJ/eH8BqhF029wGpEOnv7Urwdo2wmQanOACwJQh0devF9D9RhoZru0+9JXIS0dBXIAz+lA==}
    engines: {node: '>=18'}

  path-parse@1.0.7:
    resolution: {integrity: sha512-LDJzPVEEEPR+y48z93A0Ed0yXb8pAByGWo/k5YYdYgpY2/2EsOsksJrq7lOHxryrVOn1ejG6oAp8ahvOIQD8sw==}

  picomatch@2.3.1:
    resolution: {integrity: sha512-JU3teHTNjmE2VCGFzuY8EXzCDVwEqB2a8fsIvwaStHhAWJEeVd1o1QD80CU6+ZdEXXSLbSsuLwJjkCBWqRQUVA==}
    engines: {node: '>=8.6'}

  prettier@3.3.2:
    resolution: {integrity: sha512-rAVeHYMcv8ATV5d508CFdn+8/pHPpXeIid1DdrPwXnaAdH7cqjVbpJaT5eq4yRAFU/lsbwYwSF/n5iNrdJHPQA==}
    engines: {node: '>=14'}
    hasBin: true

  resolve@1.22.8:
    resolution: {integrity: sha512-oKWePCxqpd6FlLvGV1VU0x7bkPmmCNolxzjMf4NczoDnQcIWrAF+cPtZn5i6n+RfD2d9i0tzpKnG6Yk168yIyw==}
    hasBin: true

  rollup@4.18.0:
    resolution: {integrity: sha512-QmJz14PX3rzbJCN1SG4Xe/bAAX2a6NpCP8ab2vfu2GiUr8AQcr2nCV/oEO3yneFarB67zk8ShlIyWb2LGTb3Sg==}
    engines: {node: '>=18.0.0', npm: '>=8.0.0'}
    hasBin: true

  skin-tone@2.0.0:
    resolution: {integrity: sha512-kUMbT1oBJCpgrnKoSr0o6wPtvRWT9W9UKvGLwfJYO2WuahZRHOpEyL1ckyMGgMWh0UdpmaoFqKKD29WTomNEGA==}
    engines: {node: '>=8'}

  string-width@4.2.3:
    resolution: {integrity: sha512-wKyQRQpjJ0sIp62ErSZdGsjMJWsap5oRNihHhu6G7JVO/9jIB6UyevL+tXuOqrng8j/cxKTWyWUwvSTriiZz/g==}
    engines: {node: '>=8'}

  strip-ansi@6.0.1:
    resolution: {integrity: sha512-Y38VPSHcqkFrCpFnQ9vuSXmquuv5oXOKpGeT6aGrr3o3Gc9AlVa6JBfUSOCnbxGGZF+/0ooI7KrPuUSztUdU5A==}
    engines: {node: '>=8'}

  supports-preserve-symlinks-flag@1.0.0:
    resolution: {integrity: sha512-ot0WnXS9fgdkgIcePe6RHNk1WA8+muPa6cSjeR3V8K27q9BB1rTE3R1p7Hv0z1ZyAc8s6Vvv8DIyWf681MAt0w==}
    engines: {node: '>= 0.4'}

  ts-node@10.9.2:
    resolution: {integrity: sha512-f0FFpIdcHgn8zcPSbf1dRevwt047YMnaiJM3u2w2RewrB+fob/zePZcrOyQoLMMO7aBIddLcQIEK5dYjkLnGrQ==}
    hasBin: true
    peerDependencies:
      '@swc/core': '>=1.2.50'
      '@swc/wasm': '>=1.2.50'
      '@types/node': '*'
      typescript: '>=2.7'
    peerDependenciesMeta:
      '@swc/core':
        optional: true
      '@swc/wasm':
        optional: true

  tslib@2.6.3:
    resolution: {integrity: sha512-xNvxJEOUiWPGhUuUdQgAJPKOOJfGnIyKySOc09XkKsgdUV/3E2zvwZYdejjmRgPCgcym1juLH3226yA7sEFJKQ==}

  typescript@5.4.5:
    resolution: {integrity: sha512-vcI4UpRgg81oIRUFwR0WSIHKt11nJ7SAVlYNIu+QpqeyXP+gpQJy/Z4+F0aGxSE4MqwjyXvW/TzgkLAx2AGHwQ==}
    engines: {node: '>=14.17'}
    hasBin: true

  undici-types@5.26.5:
    resolution: {integrity: sha512-JlCMO+ehdEIKqlFxk6IfVoAUVmgz7cU7zD/h9XZ0qzeosSHmUJVOzSQvvYSYWXkFXC+IfLKSIffhv0sVZup6pA==}

  unicode-emoji-modifier-base@1.0.0:
    resolution: {integrity: sha512-yLSH4py7oFH3oG/9K+XWrz1pSi3dfUrWEnInbxMfArOfc1+33BlGPQtLsOYwvdMy11AwUBetYuaRxSPqgkq+8g==}
    engines: {node: '>=4'}

  v8-compile-cache-lib@3.0.1:
    resolution: {integrity: sha512-wa7YjyUGfNZngI/vtK0UHAN+lgDCxBPCylVXGp0zu59Fz5aiGtNXaq3DhIov063MorB+VfufLh3JlF2KdTK3xg==}

  yn@3.1.1:
    resolution: {integrity: sha512-Ux4ygGWsu2c7isFWe8Yu1YluJmqVhxqK2cLXNQA5AcC3QfbGNpM7fu0Y8b/z16pXLnFxZYvWhd3fhBY9DLmC6Q==}
    engines: {node: '>=6'}

snapshots:

  '@colors/colors@1.5.0':
    optional: true

  '@cspotcode/source-map-support@0.8.1':
    dependencies:
      '@jridgewell/trace-mapping': 0.3.9

  '@jridgewell/resolve-uri@3.1.2': {}

  '@jridgewell/sourcemap-codec@1.4.15': {}

  '@jridgewell/trace-mapping@0.3.9':
    dependencies:
      '@jridgewell/resolve-uri': 3.1.2
      '@jridgewell/sourcemap-codec': 1.4.15

  '@rollup/plugin-typescript@11.1.6(rollup@4.18.0)(tslib@2.6.3)(typescript@5.4.5)':
    dependencies:
      '@rollup/pluginutils': 5.1.0(rollup@4.18.0)
      resolve: 1.22.8
      typescript: 5.4.5
    optionalDependencies:
      rollup: 4.18.0
      tslib: 2.6.3

  '@rollup/pluginutils@5.1.0(rollup@4.18.0)':
    dependencies:
      '@types/estree': 1.0.5
      estree-walker: 2.0.2
      picomatch: 2.3.1
    optionalDependencies:
      rollup: 4.18.0

  '@rollup/rollup-android-arm-eabi@4.18.0':
    optional: true

  '@rollup/rollup-android-arm64@4.18.0':
    optional: true

  '@rollup/rollup-darwin-arm64@4.18.0':
    optional: true

  '@rollup/rollup-darwin-x64@4.18.0':
    optional: true

  '@rollup/rollup-linux-arm-gnueabihf@4.18.0':
    optional: true

  '@rollup/rollup-linux-arm-musleabihf@4.18.0':
    optional: true

  '@rollup/rollup-linux-arm64-gnu@4.18.0':
    optional: true

  '@rollup/rollup-linux-arm64-musl@4.18.0':
    optional: true

  '@rollup/rollup-linux-powerpc64le-gnu@4.18.0':
    optional: true

  '@rollup/rollup-linux-riscv64-gnu@4.18.0':
    optional: true

  '@rollup/rollup-linux-s390x-gnu@4.18.0':
    optional: true

  '@rollup/rollup-linux-x64-gnu@4.18.0':
    optional: true

  '@rollup/rollup-linux-x64-musl@4.18.0':
    optional: true

  '@rollup/rollup-win32-arm64-msvc@4.18.0':
    optional: true

  '@rollup/rollup-win32-ia32-msvc@4.18.0':
    optional: true

  '@rollup/rollup-win32-x64-msvc@4.18.0':
    optional: true

  '@sindresorhus/is@4.6.0': {}

  '@tsconfig/node10@1.0.11': {}

  '@tsconfig/node12@1.0.11': {}

  '@tsconfig/node14@1.0.3': {}

  '@tsconfig/node16@1.0.4': {}

  '@types/commander@2.12.2':
    dependencies:
      commander: 12.1.0

  '@types/estree@1.0.5': {}

  '@types/node-emoji@2.1.0':
    dependencies:
      node-emoji: 2.1.3

  '@types/node@20.14.2':
    dependencies:
      undici-types: 5.26.5

  acorn-walk@8.3.2: {}

  acorn@8.11.3: {}

  ansi-regex@5.0.1: {}

  arg@4.1.3: {}

  chalk@5.3.0: {}

  char-regex@1.0.2: {}

  cli-table3@0.6.5:
    dependencies:
      string-width: 4.2.3
    optionalDependencies:
      '@colors/colors': 1.5.0

  commander@12.1.0: {}

  create-require@1.1.1: {}

  diff@4.0.2: {}

  emoji-regex@8.0.0: {}

  emojilib@2.4.0: {}

  estree-walker@2.0.2: {}

  fsevents@2.3.3:
    optional: true

  function-bind@1.1.2: {}

  hasown@2.0.2:
    dependencies:
      function-bind: 1.1.2

  is-core-module@2.13.1:
    dependencies:
      hasown: 2.0.2

  is-fullwidth-code-point@3.0.0: {}

  make-error@1.3.6: {}

  node-emoji@2.1.3:
    dependencies:
      '@sindresorhus/is': 4.6.0
      char-regex: 1.0.2
      emojilib: 2.4.0
      skin-tone: 2.0.0

  path-parse@1.0.7: {}

  picomatch@2.3.1: {}

  prettier@3.3.2: {}

  resolve@1.22.8:
    dependencies:
      is-core-module: 2.13.1
      path-parse: 1.0.7
      supports-preserve-symlinks-flag: 1.0.0

  rollup@4.18.0:
    dependencies:
      '@types/estree': 1.0.5
    optionalDependencies:
      '@rollup/rollup-android-arm-eabi': 4.18.0
      '@rollup/rollup-android-arm64': 4.18.0
      '@rollup/rollup-darwin-arm64': 4.18.0
      '@rollup/rollup-darwin-x64': 4.18.0
      '@rollup/rollup-linux-arm-gnueabihf': 4.18.0
      '@rollup/rollup-linux-arm-musleabihf': 4.18.0
      '@rollup/rollup-linux-arm64-gnu': 4.18.0
      '@rollup/rollup-linux-arm64-musl': 4.18.0
      '@rollup/rollup-linux-powerpc64le-gnu': 4.18.0
      '@rollup/rollup-linux-riscv64-gnu': 4.18.0
      '@rollup/rollup-linux-s390x-gnu': 4.18.0
      '@rollup/rollup-linux-x64-gnu': 4.18.0
      '@rollup/rollup-linux-x64-musl': 4.18.0
      '@rollup/rollup-win32-arm64-msvc': 4.18.0
      '@rollup/rollup-win32-ia32-msvc': 4.18.0
      '@rollup/rollup-win32-x64-msvc': 4.18.0
      fsevents: 2.3.3

  skin-tone@2.0.0:
    dependencies:
      unicode-emoji-modifier-base: 1.0.0

  string-width@4.2.3:
    dependencies:
      emoji-regex: 8.0.0
      is-fullwidth-code-point: 3.0.0
      strip-ansi: 6.0.1

  strip-ansi@6.0.1:
    dependencies:
      ansi-regex: 5.0.1

  supports-preserve-symlinks-flag@1.0.0: {}

  ts-node@10.9.2(@types/node@20.14.2)(typescript@5.4.5):
    dependencies:
      '@cspotcode/source-map-support': 0.8.1
      '@tsconfig/node10': 1.0.11
      '@tsconfig/node12': 1.0.11
      '@tsconfig/node14': 1.0.3
      '@tsconfig/node16': 1.0.4
      '@types/node': 20.14.2
      acorn: 8.11.3
      acorn-walk: 8.3.2
      arg: 4.1.3
      create-require: 1.1.1
      diff: 4.0.2
      make-error: 1.3.6
      typescript: 5.4.5
      v8-compile-cache-lib: 3.0.1
      yn: 3.1.1

  tslib@2.6.3: {}

  typescript@5.4.5: {}

  undici-types@5.26.5: {}

  unicode-emoji-modifier-base@1.0.0: {}

  v8-compile-cache-lib@3.0.1: {}

  yn@3.1.1: {}
